
Microsoft Visual Studio Solution File, Format Version 12.00
# Visual Studio Version 16
VisualStudioVersion = 16.0.31424.327
MinimumVisualStudioVersion = 10.0.40219.1
Project("{D954291E-2A0B-460D-934E-DC6B0785DB48}") = "TestableUnoApp.Shared", "TestableUnoApp.Shared\TestableUnoApp.Shared.shproj", "{6279C845-92F8-4333-AB99-3D213163593C}"
EndProject
Project("{2150E333-8FDC-42A3-9474-1A3956D46DE8}") = "Platforms", "Platforms", "{C6353EC3-6336-4DAE-BD21-0DE85FF4B721}"
EndProject
Project("{FAE04EC0-301F-11D3-BF4B-00C04F79EFBC}") = "TestableUnoApp.Droid", "TestableUnoApp.Droid\TestableUnoApp.Droid.csproj", "{C3537FFF-DEE3-445D-90EC-BF705A79E3AC}"
EndProject
Project("{FAE04EC0-301F-11D3-BF4B-00C04F79EFBC}") = "TestableUnoApp.iOS", "TestableUnoApp.iOS\TestableUnoApp.iOS.csproj", "{BD0D7E16-4B46-47B6-ABC8-DC376BE17150}"
EndProject
Project("{FAE04EC0-301F-11D3-BF4B-00C04F79EFBC}") = "TestableUnoApp.UWP", "TestableUnoApp.UWP\TestableUnoApp.UWP.csproj", "{87A6445D-D570-4986-8360-A10508BDABC6}"
EndProject
Project("{9A19103F-16F7-4668-BE54-9A1E7A4F7556}") = "TestableUnoApp.Wasm", "TestableUnoApp.Wasm\TestableUnoApp.Wasm.csproj", "{1E262F94-2554-4C74-A68F-A2CD3C167C23}"
EndProject
Project("{9A19103F-16F7-4668-BE54-9A1E7A4F7556}") = "TestableUnoApp.UITests", "TestableUnoApp.UITests\TestableUnoApp.UITests.csproj", "{887EEBFA-8BEE-4228-BA98-0E5A5A26D0CD}"
EndProject
Project("{2150E333-8FDC-42A3-9474-1A3956D46DE8}") = "Tests", "Tests", "{1FDA1722-D6F4-4FE9-8B9A-15E00FC0D5D9}"
EndProject
Global
	GlobalSection(SharedMSBuildProjectFiles) = preSolution
		TestableUnoApp.Shared\TestableUnoApp.Shared.projitems*{1e262f94-2554-4c74-a68f-a2cd3c167c23}*SharedItemsImports = 5
		TestableUnoApp.Shared\TestableUnoApp.Shared.projitems*{6279c845-92f8-4333-ab99-3d213163593c}*SharedItemsImports = 13
		TestableUnoApp.Shared\TestableUnoApp.Shared.projitems*{87a6445d-d570-4986-8360-a10508bdabc6}*SharedItemsImports = 4
		TestableUnoApp.Shared\TestableUnoApp.Shared.projitems*{bd0d7e16-4b46-47b6-abc8-dc376be17150}*SharedItemsImports = 4
		TestableUnoApp.Shared\TestableUnoApp.Shared.projitems*{c3537fff-dee3-445d-90ec-bf705a79e3ac}*SharedItemsImports = 4
	EndGlobalSection
	GlobalSection(SolutionConfigurationPlatforms) = preSolution
		Ad-Hoc|Any CPU = Ad-Hoc|Any CPU
		Ad-Hoc|ARM = Ad-Hoc|ARM
		Ad-Hoc|ARM64 = Ad-Hoc|ARM64
		Ad-Hoc|iPhone = Ad-Hoc|iPhone
		Ad-Hoc|iPhoneSimulator = Ad-Hoc|iPhoneSimulator
		Ad-Hoc|x64 = Ad-Hoc|x64
		Ad-Hoc|x86 = Ad-Hoc|x86
		AppStore|Any CPU = AppStore|Any CPU
		AppStore|ARM = AppStore|ARM
		AppStore|ARM64 = AppStore|ARM64
		AppStore|iPhone = AppStore|iPhone
		AppStore|iPhoneSimulator = AppStore|iPhoneSimulator
		AppStore|x64 = AppStore|x64
		AppStore|x86 = AppStore|x86
		Debug|Any CPU = Debug|Any CPU
		Debug|ARM = Debug|ARM
		Debug|ARM64 = Debug|ARM64
		Debug|iPhone = Debug|iPhone
		Debug|iPhoneSimulator = Debug|iPhoneSimulator
		Debug|x64 = Debug|x64
		Debug|x86 = Debug|x86
		Release|Any CPU = Release|Any CPU
		Release|ARM = Release|ARM
		Release|ARM64 = Release|ARM64
		Release|iPhone = Release|iPhone
		Release|iPhoneSimulator = Release|iPhoneSimulator
		Release|x64 = Release|x64
		Release|x86 = Release|x86
	EndGlobalSection
	GlobalSection(ProjectConfigurationPlatforms) = postSolution
		{C3537FFF-DEE3-445D-90EC-BF705A79E3AC}.Ad-Hoc|Any CPU.ActiveCfg = Debug|Any CPU
		{C3537FFF-DEE3-445D-90EC-BF705A79E3AC}.Ad-Hoc|Any CPU.Build.0 = Debug|Any CPU
		{C3537FFF-DEE3-445D-90EC-BF705A79E3AC}.Ad-Hoc|Any CPU.Deploy.0 = Debug|Any CPU
		{C3537FFF-DEE3-445D-90EC-BF705A79E3AC}.Ad-Hoc|ARM.ActiveCfg = Debug|Any CPU
		{C3537FFF-DEE3-445D-90EC-BF705A79E3AC}.Ad-Hoc|ARM.Build.0 = Debug|Any CPU
		{C3537FFF-DEE3-445D-90EC-BF705A79E3AC}.Ad-Hoc|ARM.Deploy.0 = Debug|Any CPU
		{C3537FFF-DEE3-445D-90EC-BF705A79E3AC}.Ad-Hoc|ARM64.ActiveCfg = Debug|Any CPU
		{C3537FFF-DEE3-445D-90EC-BF705A79E3AC}.Ad-Hoc|ARM64.Build.0 = Debug|Any CPU
		{C3537FFF-DEE3-445D-90EC-BF705A79E3AC}.Ad-Hoc|ARM64.Deploy.0 = Debug|Any CPU
		{C3537FFF-DEE3-445D-90EC-BF705A79E3AC}.Ad-Hoc|iPhone.ActiveCfg = Debug|Any CPU
		{C3537FFF-DEE3-445D-90EC-BF705A79E3AC}.Ad-Hoc|iPhone.Build.0 = Debug|Any CPU
		{C3537FFF-DEE3-445D-90EC-BF705A79E3AC}.Ad-Hoc|iPhone.Deploy.0 = Debug|Any CPU
		{C3537FFF-DEE3-445D-90EC-BF705A79E3AC}.Ad-Hoc|iPhoneSimulator.ActiveCfg = Debug|Any CPU
		{C3537FFF-DEE3-445D-90EC-BF705A79E3AC}.Ad-Hoc|iPhoneSimulator.Build.0 = Debug|Any CPU
		{C3537FFF-DEE3-445D-90EC-BF705A79E3AC}.Ad-Hoc|iPhoneSimulator.Deploy.0 = Debug|Any CPU
		{C3537FFF-DEE3-445D-90EC-BF705A79E3AC}.Ad-Hoc|x64.ActiveCfg = Debug|Any CPU
		{C3537FFF-DEE3-445D-90EC-BF705A79E3AC}.Ad-Hoc|x64.Build.0 = Debug|Any CPU
		{C3537FFF-DEE3-445D-90EC-BF705A79E3AC}.Ad-Hoc|x64.Deploy.0 = Debug|Any CPU
		{C3537FFF-DEE3-445D-90EC-BF705A79E3AC}.Ad-Hoc|x86.ActiveCfg = Debug|Any CPU
		{C3537FFF-DEE3-445D-90EC-BF705A79E3AC}.Ad-Hoc|x86.Build.0 = Debug|Any CPU
		{C3537FFF-DEE3-445D-90EC-BF705A79E3AC}.Ad-Hoc|x86.Deploy.0 = Debug|Any CPU
		{C3537FFF-DEE3-445D-90EC-BF705A79E3AC}.AppStore|Any CPU.ActiveCfg = Debug|Any CPU
		{C3537FFF-DEE3-445D-90EC-BF705A79E3AC}.AppStore|Any CPU.Build.0 = Debug|Any CPU
		{C3537FFF-DEE3-445D-90EC-BF705A79E3AC}.AppStore|Any CPU.Deploy.0 = Debug|Any CPU
		{C3537FFF-DEE3-445D-90EC-BF705A79E3AC}.AppStore|ARM.ActiveCfg = Debug|Any CPU
		{C3537FFF-DEE3-445D-90EC-BF705A79E3AC}.AppStore|ARM.Build.0 = Debug|Any CPU
		{C3537FFF-DEE3-445D-90EC-BF705A79E3AC}.AppStore|ARM.Deploy.0 = Debug|Any CPU
		{C3537FFF-DEE3-445D-90EC-BF705A79E3AC}.AppStore|ARM64.ActiveCfg = Debug|Any CPU
		{C3537FFF-DEE3-445D-90EC-BF705A79E3AC}.AppStore|ARM64.Build.0 = Debug|Any CPU
		{C3537FFF-DEE3-445D-90EC-BF705A79E3AC}.AppStore|ARM64.Deploy.0 = Debug|Any CPU
		{C3537FFF-DEE3-445D-90EC-BF705A79E3AC}.AppStore|iPhone.ActiveCfg = Debug|Any CPU
		{C3537FFF-DEE3-445D-90EC-BF705A79E3AC}.AppStore|iPhone.Build.0 = Debug|Any CPU
		{C3537FFF-DEE3-445D-90EC-BF705A79E3AC}.AppStore|iPhone.Deploy.0 = Debug|Any CPU
		{C3537FFF-DEE3-445D-90EC-BF705A79E3AC}.AppStore|iPhoneSimulator.ActiveCfg = Debug|Any CPU
		{C3537FFF-DEE3-445D-90EC-BF705A79E3AC}.AppStore|iPhoneSimulator.Build.0 = Debug|Any CPU
		{C3537FFF-DEE3-445D-90EC-BF705A79E3AC}.AppStore|iPhoneSimulator.Deploy.0 = Debug|Any CPU
		{C3537FFF-DEE3-445D-90EC-BF705A79E3AC}.AppStore|x64.ActiveCfg = Debug|Any CPU
		{C3537FFF-DEE3-445D-90EC-BF705A79E3AC}.AppStore|x64.Build.0 = Debug|Any CPU
		{C3537FFF-DEE3-445D-90EC-BF705A79E3AC}.AppStore|x64.Deploy.0 = Debug|Any CPU
		{C3537FFF-DEE3-445D-90EC-BF705A79E3AC}.AppStore|x86.ActiveCfg = Debug|Any CPU
		{C3537FFF-DEE3-445D-90EC-BF705A79E3AC}.AppStore|x86.Build.0 = Debug|Any CPU
		{C3537FFF-DEE3-445D-90EC-BF705A79E3AC}.AppStore|x86.Deploy.0 = Debug|Any CPU
		{C3537FFF-DEE3-445D-90EC-BF705A79E3AC}.Debug|Any CPU.ActiveCfg = Debug|Any CPU
		{C3537FFF-DEE3-445D-90EC-BF705A79E3AC}.Debug|Any CPU.Build.0 = Debug|Any CPU
		{C3537FFF-DEE3-445D-90EC-BF705A79E3AC}.Debug|Any CPU.Deploy.0 = Debug|Any CPU
		{C3537FFF-DEE3-445D-90EC-BF705A79E3AC}.Debug|ARM.ActiveCfg = Debug|Any CPU
		{C3537FFF-DEE3-445D-90EC-BF705A79E3AC}.Debug|ARM.Build.0 = Debug|Any CPU
		{C3537FFF-DEE3-445D-90EC-BF705A79E3AC}.Debug|ARM.Deploy.0 = Debug|Any CPU
		{C3537FFF-DEE3-445D-90EC-BF705A79E3AC}.Debug|ARM64.ActiveCfg = Debug|Any CPU
		{C3537FFF-DEE3-445D-90EC-BF705A79E3AC}.Debug|ARM64.Build.0 = Debug|Any CPU
		{C3537FFF-DEE3-445D-90EC-BF705A79E3AC}.Debug|ARM64.Deploy.0 = Debug|Any CPU
		{C3537FFF-DEE3-445D-90EC-BF705A79E3AC}.Debug|iPhone.ActiveCfg = Debug|Any CPU
		{C3537FFF-DEE3-445D-90EC-BF705A79E3AC}.Debug|iPhone.Build.0 = Debug|Any CPU
		{C3537FFF-DEE3-445D-90EC-BF705A79E3AC}.Debug|iPhone.Deploy.0 = Debug|Any CPU
		{C3537FFF-DEE3-445D-90EC-BF705A79E3AC}.Debug|iPhoneSimulator.ActiveCfg = Debug|Any CPU
		{C3537FFF-DEE3-445D-90EC-BF705A79E3AC}.Debug|iPhoneSimulator.Build.0 = Debug|Any CPU
		{C3537FFF-DEE3-445D-90EC-BF705A79E3AC}.Debug|iPhoneSimulator.Deploy.0 = Debug|Any CPU
		{C3537FFF-DEE3-445D-90EC-BF705A79E3AC}.Debug|x64.ActiveCfg = Debug|Any CPU
		{C3537FFF-DEE3-445D-90EC-BF705A79E3AC}.Debug|x64.Build.0 = Debug|Any CPU
		{C3537FFF-DEE3-445D-90EC-BF705A79E3AC}.Debug|x64.Deploy.0 = Debug|Any CPU
		{C3537FFF-DEE3-445D-90EC-BF705A79E3AC}.Debug|x86.ActiveCfg = Debug|Any CPU
		{C3537FFF-DEE3-445D-90EC-BF705A79E3AC}.Debug|x86.Build.0 = Debug|Any CPU
		{C3537FFF-DEE3-445D-90EC-BF705A79E3AC}.Debug|x86.Deploy.0 = Debug|Any CPU
		{C3537FFF-DEE3-445D-90EC-BF705A79E3AC}.Release|Any CPU.ActiveCfg = Release|Any CPU
		{C3537FFF-DEE3-445D-90EC-BF705A79E3AC}.Release|Any CPU.Build.0 = Release|Any CPU
		{C3537FFF-DEE3-445D-90EC-BF705A79E3AC}.Release|Any CPU.Deploy.0 = Release|Any CPU
		{C3537FFF-DEE3-445D-90EC-BF705A79E3AC}.Release|ARM.ActiveCfg = Release|Any CPU
		{C3537FFF-DEE3-445D-90EC-BF705A79E3AC}.Release|ARM.Build.0 = Release|Any CPU
		{C3537FFF-DEE3-445D-90EC-BF705A79E3AC}.Release|ARM.Deploy.0 = Release|Any CPU
		{C3537FFF-DEE3-445D-90EC-BF705A79E3AC}.Release|ARM64.ActiveCfg = Release|Any CPU
		{C3537FFF-DEE3-445D-90EC-BF705A79E3AC}.Release|ARM64.Build.0 = Release|Any CPU
		{C3537FFF-DEE3-445D-90EC-BF705A79E3AC}.Release|ARM64.Deploy.0 = Release|Any CPU
		{C3537FFF-DEE3-445D-90EC-BF705A79E3AC}.Release|iPhone.ActiveCfg = Release|Any CPU
		{C3537FFF-DEE3-445D-90EC-BF705A79E3AC}.Release|iPhone.Build.0 = Release|Any CPU
		{C3537FFF-DEE3-445D-90EC-BF705A79E3AC}.Release|iPhone.Deploy.0 = Release|Any CPU
		{C3537FFF-DEE3-445D-90EC-BF705A79E3AC}.Release|iPhoneSimulator.ActiveCfg = Release|Any CPU
		{C3537FFF-DEE3-445D-90EC-BF705A79E3AC}.Release|iPhoneSimulator.Build.0 = Release|Any CPU
		{C3537FFF-DEE3-445D-90EC-BF705A79E3AC}.Release|iPhoneSimulator.Deploy.0 = Release|Any CPU
		{C3537FFF-DEE3-445D-90EC-BF705A79E3AC}.Release|x64.ActiveCfg = Release|Any CPU
		{C3537FFF-DEE3-445D-90EC-BF705A79E3AC}.Release|x64.Build.0 = Release|Any CPU
		{C3537FFF-DEE3-445D-90EC-BF705A79E3AC}.Release|x64.Deploy.0 = Release|Any CPU
		{C3537FFF-DEE3-445D-90EC-BF705A79E3AC}.Release|x86.ActiveCfg = Release|Any CPU
		{C3537FFF-DEE3-445D-90EC-BF705A79E3AC}.Release|x86.Build.0 = Release|Any CPU
		{C3537FFF-DEE3-445D-90EC-BF705A79E3AC}.Release|x86.Deploy.0 = Release|Any CPU
		{BD0D7E16-4B46-47B6-ABC8-DC376BE17150}.Ad-Hoc|Any CPU.ActiveCfg = Ad-Hoc|iPhoneSimulator
		{BD0D7E16-4B46-47B6-ABC8-DC376BE17150}.Ad-Hoc|ARM.ActiveCfg = Ad-Hoc|iPhoneSimulator
		{BD0D7E16-4B46-47B6-ABC8-DC376BE17150}.Ad-Hoc|ARM64.ActiveCfg = Ad-Hoc|iPhoneSimulator
		{BD0D7E16-4B46-47B6-ABC8-DC376BE17150}.Ad-Hoc|iPhone.ActiveCfg = Ad-Hoc|iPhone
		{BD0D7E16-4B46-47B6-ABC8-DC376BE17150}.Ad-Hoc|iPhone.Build.0 = Ad-Hoc|iPhone
		{BD0D7E16-4B46-47B6-ABC8-DC376BE17150}.Ad-Hoc|iPhoneSimulator.ActiveCfg = Ad-Hoc|iPhoneSimulator
		{BD0D7E16-4B46-47B6-ABC8-DC376BE17150}.Ad-Hoc|iPhoneSimulator.Build.0 = Ad-Hoc|iPhoneSimulator
		{BD0D7E16-4B46-47B6-ABC8-DC376BE17150}.Ad-Hoc|x64.ActiveCfg = Ad-Hoc|iPhoneSimulator
		{BD0D7E16-4B46-47B6-ABC8-DC376BE17150}.Ad-Hoc|x86.ActiveCfg = Ad-Hoc|iPhoneSimulator
		{BD0D7E16-4B46-47B6-ABC8-DC376BE17150}.AppStore|Any CPU.ActiveCfg = AppStore|iPhoneSimulator
		{BD0D7E16-4B46-47B6-ABC8-DC376BE17150}.AppStore|ARM.ActiveCfg = AppStore|iPhoneSimulator
		{BD0D7E16-4B46-47B6-ABC8-DC376BE17150}.AppStore|ARM64.ActiveCfg = AppStore|iPhoneSimulator
		{BD0D7E16-4B46-47B6-ABC8-DC376BE17150}.AppStore|iPhone.ActiveCfg = AppStore|iPhone
		{BD0D7E16-4B46-47B6-ABC8-DC376BE17150}.AppStore|iPhone.Build.0 = AppStore|iPhone
		{BD0D7E16-4B46-47B6-ABC8-DC376BE17150}.AppStore|iPhoneSimulator.ActiveCfg = AppStore|iPhoneSimulator
		{BD0D7E16-4B46-47B6-ABC8-DC376BE17150}.AppStore|iPhoneSimulator.Build.0 = AppStore|iPhoneSimulator
		{BD0D7E16-4B46-47B6-ABC8-DC376BE17150}.AppStore|x64.ActiveCfg = AppStore|iPhoneSimulator
		{BD0D7E16-4B46-47B6-ABC8-DC376BE17150}.AppStore|x86.ActiveCfg = AppStore|iPhoneSimulator
		{BD0D7E16-4B46-47B6-ABC8-DC376BE17150}.Debug|Any CPU.ActiveCfg = Debug|iPhoneSimulator
		{BD0D7E16-4B46-47B6-ABC8-DC376BE17150}.Debug|ARM.ActiveCfg = Debug|iPhoneSimulator
		{BD0D7E16-4B46-47B6-ABC8-DC376BE17150}.Debug|ARM64.ActiveCfg = Debug|iPhoneSimulator
		{BD0D7E16-4B46-47B6-ABC8-DC376BE17150}.Debug|iPhone.ActiveCfg = Debug|iPhone
		{BD0D7E16-4B46-47B6-ABC8-DC376BE17150}.Debug|iPhone.Build.0 = Debug|iPhone
		{BD0D7E16-4B46-47B6-ABC8-DC376BE17150}.Debug|iPhoneSimulator.ActiveCfg = Debug|iPhoneSimulator
		{BD0D7E16-4B46-47B6-ABC8-DC376BE17150}.Debug|iPhoneSimulator.Build.0 = Debug|iPhoneSimulator
		{BD0D7E16-4B46-47B6-ABC8-DC376BE17150}.Debug|x64.ActiveCfg = Debug|iPhoneSimulator
		{BD0D7E16-4B46-47B6-ABC8-DC376BE17150}.Debug|x86.ActiveCfg = Debug|iPhoneSimulator
		{BD0D7E16-4B46-47B6-ABC8-DC376BE17150}.Release|Any CPU.ActiveCfg = Release|iPhoneSimulator
		{BD0D7E16-4B46-47B6-ABC8-DC376BE17150}.Release|ARM.ActiveCfg = Release|iPhoneSimulator
		{BD0D7E16-4B46-47B6-ABC8-DC376BE17150}.Release|ARM64.ActiveCfg = Release|iPhoneSimulator
		{BD0D7E16-4B46-47B6-ABC8-DC376BE17150}.Release|iPhone.ActiveCfg = Release|iPhone
		{BD0D7E16-4B46-47B6-ABC8-DC376BE17150}.Release|iPhone.Build.0 = Release|iPhone
		{BD0D7E16-4B46-47B6-ABC8-DC376BE17150}.Release|iPhoneSimulator.ActiveCfg = Release|iPhoneSimulator
		{BD0D7E16-4B46-47B6-ABC8-DC376BE17150}.Release|iPhoneSimulator.Build.0 = Release|iPhoneSimulator
		{BD0D7E16-4B46-47B6-ABC8-DC376BE17150}.Release|x64.ActiveCfg = Release|iPhoneSimulator
		{BD0D7E16-4B46-47B6-ABC8-DC376BE17150}.Release|x86.ActiveCfg = Release|iPhoneSimulator
		{87A6445D-D570-4986-8360-A10508BDABC6}.Ad-Hoc|Any CPU.ActiveCfg = Debug|x86
		{87A6445D-D570-4986-8360-A10508BDABC6}.Ad-Hoc|Any CPU.Build.0 = Debug|x86
		{87A6445D-D570-4986-8360-A10508BDABC6}.Ad-Hoc|Any CPU.Deploy.0 = Debug|x86
		{87A6445D-D570-4986-8360-A10508BDABC6}.Ad-Hoc|ARM.ActiveCfg = Debug|ARM
		{87A6445D-D570-4986-8360-A10508BDABC6}.Ad-Hoc|ARM.Build.0 = Debug|ARM
		{87A6445D-D570-4986-8360-A10508BDABC6}.Ad-Hoc|ARM.Deploy.0 = Debug|ARM
		{87A6445D-D570-4986-8360-A10508BDABC6}.Ad-Hoc|ARM64.ActiveCfg = Debug|ARM64
		{87A6445D-D570-4986-8360-A10508BDABC6}.Ad-Hoc|ARM64.Build.0 = Debug|ARM64
		{87A6445D-D570-4986-8360-A10508BDABC6}.Ad-Hoc|ARM64.Deploy.0 = Debug|ARM64
		{87A6445D-D570-4986-8360-A10508BDABC6}.Ad-Hoc|iPhone.ActiveCfg = Debug|x86
		{87A6445D-D570-4986-8360-A10508BDABC6}.Ad-Hoc|iPhone.Build.0 = Debug|x86
		{87A6445D-D570-4986-8360-A10508BDABC6}.Ad-Hoc|iPhone.Deploy.0 = Debug|x86
		{87A6445D-D570-4986-8360-A10508BDABC6}.Ad-Hoc|iPhoneSimulator.ActiveCfg = Debug|x86
		{87A6445D-D570-4986-8360-A10508BDABC6}.Ad-Hoc|iPhoneSimulator.Build.0 = Debug|x86
		{87A6445D-D570-4986-8360-A10508BDABC6}.Ad-Hoc|iPhoneSimulator.Deploy.0 = Debug|x86
		{87A6445D-D570-4986-8360-A10508BDABC6}.Ad-Hoc|x64.ActiveCfg = Debug|x64
		{87A6445D-D570-4986-8360-A10508BDABC6}.Ad-Hoc|x64.Build.0 = Debug|x64
		{87A6445D-D570-4986-8360-A10508BDABC6}.Ad-Hoc|x64.Deploy.0 = Debug|x64
		{87A6445D-D570-4986-8360-A10508BDABC6}.Ad-Hoc|x86.ActiveCfg = Debug|x86
		{87A6445D-D570-4986-8360-A10508BDABC6}.Ad-Hoc|x86.Build.0 = Debug|x86
		{87A6445D-D570-4986-8360-A10508BDABC6}.Ad-Hoc|x86.Deploy.0 = Debug|x86
		{87A6445D-D570-4986-8360-A10508BDABC6}.AppStore|Any CPU.ActiveCfg = Debug|x86
		{87A6445D-D570-4986-8360-A10508BDABC6}.AppStore|Any CPU.Build.0 = Debug|x86
		{87A6445D-D570-4986-8360-A10508BDABC6}.AppStore|Any CPU.Deploy.0 = Debug|x86
		{87A6445D-D570-4986-8360-A10508BDABC6}.AppStore|ARM.ActiveCfg = Debug|ARM
		{87A6445D-D570-4986-8360-A10508BDABC6}.AppStore|ARM.Build.0 = Debug|ARM
		{87A6445D-D570-4986-8360-A10508BDABC6}.AppStore|ARM.Deploy.0 = Debug|ARM
		{87A6445D-D570-4986-8360-A10508BDABC6}.AppStore|ARM64.ActiveCfg = Debug|ARM64
		{87A6445D-D570-4986-8360-A10508BDABC6}.AppStore|ARM64.Build.0 = Debug|ARM64
		{87A6445D-D570-4986-8360-A10508BDABC6}.AppStore|ARM64.Deploy.0 = Debug|ARM64
		{87A6445D-D570-4986-8360-A10508BDABC6}.AppStore|iPhone.ActiveCfg = Debug|x86
		{87A6445D-D570-4986-8360-A10508BDABC6}.AppStore|iPhone.Build.0 = Debug|x86
		{87A6445D-D570-4986-8360-A10508BDABC6}.AppStore|iPhone.Deploy.0 = Debug|x86
		{87A6445D-D570-4986-8360-A10508BDABC6}.AppStore|iPhoneSimulator.ActiveCfg = Debug|x86
		{87A6445D-D570-4986-8360-A10508BDABC6}.AppStore|iPhoneSimulator.Build.0 = Debug|x86
		{87A6445D-D570-4986-8360-A10508BDABC6}.AppStore|iPhoneSimulator.Deploy.0 = Debug|x86
		{87A6445D-D570-4986-8360-A10508BDABC6}.AppStore|x64.ActiveCfg = Debug|x64
		{87A6445D-D570-4986-8360-A10508BDABC6}.AppStore|x64.Build.0 = Debug|x64
		{87A6445D-D570-4986-8360-A10508BDABC6}.AppStore|x64.Deploy.0 = Debug|x64
		{87A6445D-D570-4986-8360-A10508BDABC6}.AppStore|x86.ActiveCfg = Debug|x86
		{87A6445D-D570-4986-8360-A10508BDABC6}.AppStore|x86.Build.0 = Debug|x86
		{87A6445D-D570-4986-8360-A10508BDABC6}.AppStore|x86.Deploy.0 = Debug|x86
		{87A6445D-D570-4986-8360-A10508BDABC6}.Debug|Any CPU.ActiveCfg = Debug|x86
		{87A6445D-D570-4986-8360-A10508BDABC6}.Debug|Any CPU.Build.0 = Debug|x86
		{87A6445D-D570-4986-8360-A10508BDABC6}.Debug|Any CPU.Deploy.0 = Debug|x86
		{87A6445D-D570-4986-8360-A10508BDABC6}.Debug|ARM.ActiveCfg = Debug|ARM
		{87A6445D-D570-4986-8360-A10508BDABC6}.Debug|ARM.Build.0 = Debug|ARM
		{87A6445D-D570-4986-8360-A10508BDABC6}.Debug|ARM.Deploy.0 = Debug|ARM
		{87A6445D-D570-4986-8360-A10508BDABC6}.Debug|ARM64.ActiveCfg = Debug|ARM64
		{87A6445D-D570-4986-8360-A10508BDABC6}.Debug|ARM64.Build.0 = Debug|ARM64
		{87A6445D-D570-4986-8360-A10508BDABC6}.Debug|ARM64.Deploy.0 = Debug|ARM64
		{87A6445D-D570-4986-8360-A10508BDABC6}.Debug|iPhone.ActiveCfg = Debug|x86
		{87A6445D-D570-4986-8360-A10508BDABC6}.Debug|iPhoneSimulator.ActiveCfg = Debug|x86
		{87A6445D-D570-4986-8360-A10508BDABC6}.Debug|x64.ActiveCfg = Debug|x64
		{87A6445D-D570-4986-8360-A10508BDABC6}.Debug|x64.Build.0 = Debug|x64
		{87A6445D-D570-4986-8360-A10508BDABC6}.Debug|x64.Deploy.0 = Debug|x64
		{87A6445D-D570-4986-8360-A10508BDABC6}.Debug|x86.ActiveCfg = Debug|x86
		{87A6445D-D570-4986-8360-A10508BDABC6}.Debug|x86.Build.0 = Debug|x86
		{87A6445D-D570-4986-8360-A10508BDABC6}.Debug|x86.Deploy.0 = Debug|x86
		{87A6445D-D570-4986-8360-A10508BDABC6}.Release|Any CPU.ActiveCfg = Release|x86
		{87A6445D-D570-4986-8360-A10508BDABC6}.Release|ARM.ActiveCfg = Release|ARM
		{87A6445D-D570-4986-8360-A10508BDABC6}.Release|ARM.Build.0 = Release|ARM
		{87A6445D-D570-4986-8360-A10508BDABC6}.Release|ARM.Deploy.0 = Release|ARM
		{87A6445D-D570-4986-8360-A10508BDABC6}.Release|ARM64.ActiveCfg = Release|ARM64
		{87A6445D-D570-4986-8360-A10508BDABC6}.Release|ARM64.Build.0 = Release|ARM64
		{87A6445D-D570-4986-8360-A10508BDABC6}.Release|ARM64.Deploy.0 = Release|ARM64
		{87A6445D-D570-4986-8360-A10508BDABC6}.Release|iPhone.ActiveCfg = Release|x86
		{87A6445D-D570-4986-8360-A10508BDABC6}.Release|iPhoneSimulator.ActiveCfg = Release|x86
		{87A6445D-D570-4986-8360-A10508BDABC6}.Release|x64.ActiveCfg = Release|x64
		{87A6445D-D570-4986-8360-A10508BDABC6}.Release|x64.Build.0 = Release|x64
		{87A6445D-D570-4986-8360-A10508BDABC6}.Release|x64.Deploy.0 = Release|x64
		{87A6445D-D570-4986-8360-A10508BDABC6}.Release|x86.ActiveCfg = Release|x86
		{87A6445D-D570-4986-8360-A10508BDABC6}.Release|x86.Build.0 = Release|x86
		{87A6445D-D570-4986-8360-A10508BDABC6}.Release|x86.Deploy.0 = Release|x86
		{1E262F94-2554-4C74-A68F-A2CD3C167C23}.Ad-Hoc|Any CPU.ActiveCfg = Debug|Any CPU
		{1E262F94-2554-4C74-A68F-A2CD3C167C23}.Ad-Hoc|Any CPU.Build.0 = Debug|Any CPU
		{1E262F94-2554-4C74-A68F-A2CD3C167C23}.Ad-Hoc|ARM.ActiveCfg = Debug|Any CPU
		{1E262F94-2554-4C74-A68F-A2CD3C167C23}.Ad-Hoc|ARM.Build.0 = Debug|Any CPU
		{1E262F94-2554-4C74-A68F-A2CD3C167C23}.Ad-Hoc|ARM64.ActiveCfg = Debug|Any CPU
		{1E262F94-2554-4C74-A68F-A2CD3C167C23}.Ad-Hoc|ARM64.Build.0 = Debug|Any CPU
		{1E262F94-2554-4C74-A68F-A2CD3C167C23}.Ad-Hoc|iPhone.ActiveCfg = Debug|Any CPU
		{1E262F94-2554-4C74-A68F-A2CD3C167C23}.Ad-Hoc|iPhone.Build.0 = Debug|Any CPU
		{1E262F94-2554-4C74-A68F-A2CD3C167C23}.Ad-Hoc|iPhoneSimulator.ActiveCfg = Debug|Any CPU
		{1E262F94-2554-4C74-A68F-A2CD3C167C23}.Ad-Hoc|iPhoneSimulator.Build.0 = Debug|Any CPU
		{1E262F94-2554-4C74-A68F-A2CD3C167C23}.Ad-Hoc|x64.ActiveCfg = Debug|Any CPU
		{1E262F94-2554-4C74-A68F-A2CD3C167C23}.Ad-Hoc|x64.Build.0 = Debug|Any CPU
		{1E262F94-2554-4C74-A68F-A2CD3C167C23}.Ad-Hoc|x86.ActiveCfg = Debug|Any CPU
		{1E262F94-2554-4C74-A68F-A2CD3C167C23}.Ad-Hoc|x86.Build.0 = Debug|Any CPU
		{1E262F94-2554-4C74-A68F-A2CD3C167C23}.AppStore|Any CPU.ActiveCfg = Debug|Any CPU
		{1E262F94-2554-4C74-A68F-A2CD3C167C23}.AppStore|Any CPU.Build.0 = Debug|Any CPU
		{1E262F94-2554-4C74-A68F-A2CD3C167C23}.AppStore|ARM.ActiveCfg = Debug|Any CPU
		{1E262F94-2554-4C74-A68F-A2CD3C167C23}.AppStore|ARM.Build.0 = Debug|Any CPU
		{1E262F94-2554-4C74-A68F-A2CD3C167C23}.AppStore|ARM64.ActiveCfg = Debug|Any CPU
		{1E262F94-2554-4C74-A68F-A2CD3C167C23}.AppStore|ARM64.Build.0 = Debug|Any CPU
		{1E262F94-2554-4C74-A68F-A2CD3C167C23}.AppStore|iPhone.ActiveCfg = Debug|Any CPU
		{1E262F94-2554-4C74-A68F-A2CD3C167C23}.AppStore|iPhone.Build.0 = Debug|Any CPU
		{1E262F94-2554-4C74-A68F-A2CD3C167C23}.AppStore|iPhoneSimulator.ActiveCfg = Debug|Any CPU
		{1E262F94-2554-4C74-A68F-A2CD3C167C23}.AppStore|iPhoneSimulator.Build.0 = Debug|Any CPU
		{1E262F94-2554-4C74-A68F-A2CD3C167C23}.AppStore|x64.ActiveCfg = Debug|Any CPU
		{1E262F94-2554-4C74-A68F-A2CD3C167C23}.AppStore|x64.Build.0 = Debug|Any CPU
		{1E262F94-2554-4C74-A68F-A2CD3C167C23}.AppStore|x86.ActiveCfg = Debug|Any CPU
		{1E262F94-2554-4C74-A68F-A2CD3C167C23}.AppStore|x86.Build.0 = Debug|Any CPU
		{1E262F94-2554-4C74-A68F-A2CD3C167C23}.Debug|Any CPU.ActiveCfg = Debug|Any CPU
		{1E262F94-2554-4C74-A68F-A2CD3C167C23}.Debug|Any CPU.Build.0 = Debug|Any CPU
		{1E262F94-2554-4C74-A68F-A2CD3C167C23}.Debug|ARM.ActiveCfg = Debug|Any CPU
		{1E262F94-2554-4C74-A68F-A2CD3C167C23}.Debug|ARM.Build.0 = Debug|Any CPU
		{1E262F94-2554-4C74-A68F-A2CD3C167C23}.Debug|ARM64.ActiveCfg = Debug|Any CPU
		{1E262F94-2554-4C74-A68F-A2CD3C167C23}.Debug|ARM64.Build.0 = Debug|Any CPU
		{1E262F94-2554-4C74-A68F-A2CD3C167C23}.Debug|iPhone.ActiveCfg = Debug|Any CPU
		{1E262F94-2554-4C74-A68F-A2CD3C167C23}.Debug|iPhone.Build.0 = Debug|Any CPU
		{1E262F94-2554-4C74-A68F-A2CD3C167C23}.Debug|iPhoneSimulator.ActiveCfg = Debug|Any CPU
		{1E262F94-2554-4C74-A68F-A2CD3C167C23}.Debug|iPhoneSimulator.Build.0 = Debug|Any CPU
		{1E262F94-2554-4C74-A68F-A2CD3C167C23}.Debug|x64.ActiveCfg = Debug|Any CPU
		{1E262F94-2554-4C74-A68F-A2CD3C167C23}.Debug|x64.Build.0 = Debug|Any CPU
		{1E262F94-2554-4C74-A68F-A2CD3C167C23}.Debug|x86.ActiveCfg = Debug|Any CPU
		{1E262F94-2554-4C74-A68F-A2CD3C167C23}.Debug|x86.Build.0 = Debug|Any CPU
		{1E262F94-2554-4C74-A68F-A2CD3C167C23}.Release|Any CPU.ActiveCfg = Release|Any CPU
		{1E262F94-2554-4C74-A68F-A2CD3C167C23}.Release|Any CPU.Build.0 = Release|Any CPU
		{1E262F94-2554-4C74-A68F-A2CD3C167C23}.Release|ARM.ActiveCfg = Release|Any CPU
		{1E262F94-2554-4C74-A68F-A2CD3C167C23}.Release|ARM.Build.0 = Release|Any CPU
		{1E262F94-2554-4C74-A68F-A2CD3C167C23}.Release|ARM64.ActiveCfg = Release|Any CPU
		{1E262F94-2554-4C74-A68F-A2CD3C167C23}.Release|ARM64.Build.0 = Release|Any CPU
		{1E262F94-2554-4C74-A68F-A2CD3C167C23}.Release|iPhone.ActiveCfg = Release|Any CPU
		{1E262F94-2554-4C74-A68F-A2CD3C167C23}.Release|iPhone.Build.0 = Release|Any CPU
		{1E262F94-2554-4C74-A68F-A2CD3C167C23}.Release|iPhoneSimulator.ActiveCfg = Release|Any CPU
		{1E262F94-2554-4C74-A68F-A2CD3C167C23}.Release|iPhoneSimulator.Build.0 = Release|Any CPU
		{1E262F94-2554-4C74-A68F-A2CD3C167C23}.Release|x64.ActiveCfg = Release|Any CPU
		{1E262F94-2554-4C74-A68F-A2CD3C167C23}.Release|x64.Build.0 = Release|Any CPU
		{1E262F94-2554-4C74-A68F-A2CD3C167C23}.Release|x86.ActiveCfg = Release|Any CPU
		{1E262F94-2554-4C74-A68F-A2CD3C167C23}.Release|x86.Build.0 = Release|Any CPU
		{887EEBFA-8BEE-4228-BA98-0E5A5A26D0CD}.Ad-Hoc|Any CPU.ActiveCfg = Debug|Any CPU
		{887EEBFA-8BEE-4228-BA98-0E5A5A26D0CD}.Ad-Hoc|Any CPU.Build.0 = Debug|Any CPU
		{887EEBFA-8BEE-4228-BA98-0E5A5A26D0CD}.Ad-Hoc|ARM.ActiveCfg = Debug|Any CPU
		{887EEBFA-8BEE-4228-BA98-0E5A5A26D0CD}.Ad-Hoc|ARM.Build.0 = Debug|Any CPU
		{887EEBFA-8BEE-4228-BA98-0E5A5A26D0CD}.Ad-Hoc|ARM64.ActiveCfg = Debug|Any CPU
		{887EEBFA-8BEE-4228-BA98-0E5A5A26D0CD}.Ad-Hoc|ARM64.Build.0 = Debug|Any CPU
		{887EEBFA-8BEE-4228-BA98-0E5A5A26D0CD}.Ad-Hoc|iPhone.ActiveCfg = Debug|Any CPU
		{887EEBFA-8BEE-4228-BA98-0E5A5A26D0CD}.Ad-Hoc|iPhone.Build.0 = Debug|Any CPU
		{887EEBFA-8BEE-4228-BA98-0E5A5A26D0CD}.Ad-Hoc|iPhoneSimulator.ActiveCfg = Debug|Any CPU
		{887EEBFA-8BEE-4228-BA98-0E5A5A26D0CD}.Ad-Hoc|iPhoneSimulator.Build.0 = Debug|Any CPU
		{887EEBFA-8BEE-4228-BA98-0E5A5A26D0CD}.Ad-Hoc|x64.ActiveCfg = Debug|Any CPU
		{887EEBFA-8BEE-4228-BA98-0E5A5A26D0CD}.Ad-Hoc|x64.Build.0 = Debug|Any CPU
		{887EEBFA-8BEE-4228-BA98-0E5A5A26D0CD}.Ad-Hoc|x86.ActiveCfg = Debug|Any CPU
		{887EEBFA-8BEE-4228-BA98-0E5A5A26D0CD}.Ad-Hoc|x86.Build.0 = Debug|Any CPU
		{887EEBFA-8BEE-4228-BA98-0E5A5A26D0CD}.AppStore|Any CPU.ActiveCfg = Debug|Any CPU
		{887EEBFA-8BEE-4228-BA98-0E5A5A26D0CD}.AppStore|Any CPU.Build.0 = Debug|Any CPU
		{887EEBFA-8BEE-4228-BA98-0E5A5A26D0CD}.AppStore|ARM.ActiveCfg = Debug|Any CPU
		{887EEBFA-8BEE-4228-BA98-0E5A5A26D0CD}.AppStore|ARM.Build.0 = Debug|Any CPU
		{887EEBFA-8BEE-4228-BA98-0E5A5A26D0CD}.AppStore|ARM64.ActiveCfg = Debug|Any CPU
		{887EEBFA-8BEE-4228-BA98-0E5A5A26D0CD}.AppStore|ARM64.Build.0 = Debug|Any CPU
		{887EEBFA-8BEE-4228-BA98-0E5A5A26D0CD}.AppStore|iPhone.ActiveCfg = Debug|Any CPU
		{887EEBFA-8BEE-4228-BA98-0E5A5A26D0CD}.AppStore|iPhone.Build.0 = Debug|Any CPU
		{887EEBFA-8BEE-4228-BA98-0E5A5A26D0CD}.AppStore|iPhoneSimulator.ActiveCfg = Debug|Any CPU
		{887EEBFA-8BEE-4228-BA98-0E5A5A26D0CD}.AppStore|iPhoneSimulator.Build.0 = Debug|Any CPU
		{887EEBFA-8BEE-4228-BA98-0E5A5A26D0CD}.AppStore|x64.ActiveCfg = Debug|Any CPU
		{887EEBFA-8BEE-4228-BA98-0E5A5A26D0CD}.AppStore|x64.Build.0 = Debug|Any CPU
		{887EEBFA-8BEE-4228-BA98-0E5A5A26D0CD}.AppStore|x86.ActiveCfg = Debug|Any CPU
		{887EEBFA-8BEE-4228-BA98-0E5A5A26D0CD}.AppStore|x86.Build.0 = Debug|Any CPU
		{887EEBFA-8BEE-4228-BA98-0E5A5A26D0CD}.Debug|Any CPU.ActiveCfg = Debug|Any CPU
		{887EEBFA-8BEE-4228-BA98-0E5A5A26D0CD}.Debug|Any CPU.Build.0 = Debug|Any CPU
		{887EEBFA-8BEE-4228-BA98-0E5A5A26D0CD}.Debug|ARM.ActiveCfg = Debug|Any CPU
		{887EEBFA-8BEE-4228-BA98-0E5A5A26D0CD}.Debug|ARM.Build.0 = Debug|Any CPU
		{887EEBFA-8BEE-4228-BA98-0E5A5A26D0CD}.Debug|ARM64.ActiveCfg = Debug|Any CPU
		{887EEBFA-8BEE-4228-BA98-0E5A5A26D0CD}.Debug|ARM64.Build.0 = Debug|Any CPU
		{887EEBFA-8BEE-4228-BA98-0E5A5A26D0CD}.Debug|iPhone.ActiveCfg = Debug|Any CPU
		{887EEBFA-8BEE-4228-BA98-0E5A5A26D0CD}.Debug|iPhone.Build.0 = Debug|Any CPU
		{887EEBFA-8BEE-4228-BA98-0E5A5A26D0CD}.Debug|iPhoneSimulator.ActiveCfg = Debug|Any CPU
		{887EEBFA-8BEE-4228-BA98-0E5A5A26D0CD}.Debug|iPhoneSimulator.Build.0 = Debug|Any CPU
		{887EEBFA-8BEE-4228-BA98-0E5A5A26D0CD}.Debug|x64.ActiveCfg = Debug|Any CPU
		{887EEBFA-8BEE-4228-BA98-0E5A5A26D0CD}.Debug|x64.Build.0 = Debug|Any CPU
		{887EEBFA-8BEE-4228-BA98-0E5A5A26D0CD}.Debug|x86.ActiveCfg = Debug|Any CPU
		{887EEBFA-8BEE-4228-BA98-0E5A5A26D0CD}.Debug|x86.Build.0 = Debug|Any CPU
		{887EEBFA-8BEE-4228-BA98-0E5A5A26D0CD}.Release|Any CPU.ActiveCfg = Release|Any CPU
		{887EEBFA-8BEE-4228-BA98-0E5A5A26D0CD}.Release|Any CPU.Build.0 = Release|Any CPU
		{887EEBFA-8BEE-4228-BA98-0E5A5A26D0CD}.Release|ARM.ActiveCfg = Release|Any CPU
		{887EEBFA-8BEE-4228-BA98-0E5A5A26D0CD}.Release|ARM.Build.0 = Release|Any CPU
		{887EEBFA-8BEE-4228-BA98-0E5A5A26D0CD}.Release|ARM64.ActiveCfg = Release|Any CPU
		{887EEBFA-8BEE-4228-BA98-0E5A5A26D0CD}.Release|ARM64.Build.0 = Release|Any CPU
		{887EEBFA-8BEE-4228-BA98-0E5A5A26D0CD}.Release|iPhone.ActiveCfg = Release|Any CPU
		{887EEBFA-8BEE-4228-BA98-0E5A5A26D0CD}.Release|iPhone.Build.0 = Release|Any CPU
		{887EEBFA-8BEE-4228-BA98-0E5A5A26D0CD}.Release|iPhoneSimulator.ActiveCfg = Release|Any CPU
		{887EEBFA-8BEE-4228-BA98-0E5A5A26D0CD}.Release|iPhoneSimulator.Build.0 = Release|Any CPU
		{887EEBFA-8BEE-4228-BA98-0E5A5A26D0CD}.Release|x64.ActiveCfg = Release|Any CPU
		{887EEBFA-8BEE-4228-BA98-0E5A5A26D0CD}.Release|x64.Build.0 = Release|Any CPU
		{887EEBFA-8BEE-4228-BA98-0E5A5A26D0CD}.Release|x86.ActiveCfg = Release|Any CPU
		{887EEBFA-8BEE-4228-BA98-0E5A5A26D0CD}.Release|x86.Build.0 = Release|Any CPU
	EndGlobalSection
	GlobalSection(SolutionProperties) = preSolution
		HideSolutionNode = FALSE
	EndGlobalSection
	GlobalSection(NestedProjects) = preSolution
		{C3537FFF-DEE3-445D-90EC-BF705A79E3AC} = {C6353EC3-6336-4DAE-BD21-0DE85FF4B721}
		{BD0D7E16-4B46-47B6-ABC8-DC376BE17150} = {C6353EC3-6336-4DAE-BD21-0DE85FF4B721}
		{87A6445D-D570-4986-8360-A10508BDABC6} = {C6353EC3-6336-4DAE-BD21-0DE85FF4B721}
		{1E262F94-2554-4C74-A68F-A2CD3C167C23} = {C6353EC3-6336-4DAE-BD21-0DE85FF4B721}
		{887EEBFA-8BEE-4228-BA98-0E5A5A26D0CD} = {1FDA1722-D6F4-4FE9-8B9A-15E00FC0D5D9}
	EndGlobalSection
	GlobalSection(ExtensibilityGlobals) = postSolution
		SolutionGuid = {059870BF-7E7C-4B71-866B-23FD3647318B}
	EndGlobalSection
EndGlobal
